
Microsoft Visual Studio Solution File, Format Version 12.00
Project("{FAE04EC0-301F-11D3-BF4B-00C04F79EFBC}") = "CthulhuWizard.API", "CthulhuWizard.API\CthulhuWizard.API.csproj", "{EB85D3A8-D2D7-4BB1-855D-1AAFD2D19D65}"
EndProject
Project("{FAE04EC0-301F-11D3-BF4B-00C04F79EFBC}") = "CthulhuWizard.Application", "CthulhuWizard.Application\CthulhuWizard.Application.csproj", "{16062BE3-6680-47AC-8E67-C58A81FCE192}"
EndProject
Project("{FAE04EC0-301F-11D3-BF4B-00C04F79EFBC}") = "CthulhuWizard.Persistence", "CthulhuWizard.Persistence\CthulhuWizard.Persistence.csproj", "{3EA704F6-D3EC-4B7F-8700-3E75D59C3344}"
EndProject
Project("{2150E333-8FDC-42A3-9474-1A3956D46DE8}") = "Tests", "Tests", "{A0BEBA3B-8754-465D-A8B9-A1D2BAB63906}"
EndProject
Project("{FAE04EC0-301F-11D3-BF4B-00C04F79EFBC}") = "CthulhuWizard.Tests.Unit", "CthulhuWizard.Tests.Unit\CthulhuWizard.Tests.Unit.csproj", "{AB11D576-25E3-437A-9987-86753006547A}"
EndProject
Project("{FAE04EC0-301F-11D3-BF4B-00C04F79EFBC}") = "CthulhuWiard.Tests.Integrations", "CthulhuWiard.Tests.Integrations\CthulhuWiard.Tests.Integrations.csproj", "{29C98C13-B26C-4851-89D8-94375B9FA0EF}"
EndProject
Global
	GlobalSection(SolutionConfigurationPlatforms) = preSolution
		Debug|Any CPU = Debug|Any CPU
		Release|Any CPU = Release|Any CPU
	EndGlobalSection
	GlobalSection(ProjectConfigurationPlatforms) = postSolution
		{EB85D3A8-D2D7-4BB1-855D-1AAFD2D19D65}.Debug|Any CPU.ActiveCfg = Debug|Any CPU
		{EB85D3A8-D2D7-4BB1-855D-1AAFD2D19D65}.Debug|Any CPU.Build.0 = Debug|Any CPU
		{EB85D3A8-D2D7-4BB1-855D-1AAFD2D19D65}.Release|Any CPU.ActiveCfg = Release|Any CPU
		{EB85D3A8-D2D7-4BB1-855D-1AAFD2D19D65}.Release|Any CPU.Build.0 = Release|Any CPU
		{16062BE3-6680-47AC-8E67-C58A81FCE192}.Debug|Any CPU.ActiveCfg = Debug|Any CPU
		{16062BE3-6680-47AC-8E67-C58A81FCE192}.Debug|Any CPU.Build.0 = Debug|Any CPU
		{16062BE3-6680-47AC-8E67-C58A81FCE192}.Release|Any CPU.ActiveCfg = Release|Any CPU
		{16062BE3-6680-47AC-8E67-C58A81FCE192}.Release|Any CPU.Build.0 = Release|Any CPU
		{3EA704F6-D3EC-4B7F-8700-3E75D59C3344}.Debug|Any CPU.ActiveCfg = Debug|Any CPU
		{3EA704F6-D3EC-4B7F-8700-3E75D59C3344}.Debug|Any CPU.Build.0 = Debug|Any CPU
		{3EA704F6-D3EC-4B7F-8700-3E75D59C3344}.Release|Any CPU.ActiveCfg = Release|Any CPU
		{3EA704F6-D3EC-4B7F-8700-3E75D59C3344}.Release|Any CPU.Build.0 = Release|Any CPU
		{AB11D576-25E3-437A-9987-86753006547A}.Debug|Any CPU.ActiveCfg = Debug|Any CPU
		{AB11D576-25E3-437A-9987-86753006547A}.Debug|Any CPU.Build.0 = Debug|Any CPU
		{AB11D576-25E3-437A-9987-86753006547A}.Release|Any CPU.ActiveCfg = Release|Any CPU
		{AB11D576-25E3-437A-9987-86753006547A}.Release|Any CPU.Build.0 = Release|Any CPU
		{29C98C13-B26C-4851-89D8-94375B9FA0EF}.Debug|Any CPU.ActiveCfg = Debug|Any CPU
		{29C98C13-B26C-4851-89D8-94375B9FA0EF}.Debug|Any CPU.Build.0 = Debug|Any CPU
		{29C98C13-B26C-4851-89D8-94375B9FA0EF}.Release|Any CPU.ActiveCfg = Release|Any CPU
		{29C98C13-B26C-4851-89D8-94375B9FA0EF}.Release|Any CPU.Build.0 = Release|Any CPU
	EndGlobalSection
	GlobalSection(NestedProjects) = preSolution
		{AB11D576-25E3-437A-9987-86753006547A} = {A0BEBA3B-8754-465D-A8B9-A1D2BAB63906}
		{29C98C13-B26C-4851-89D8-94375B9FA0EF} = {A0BEBA3B-8754-465D-A8B9-A1D2BAB63906}
	EndGlobalSection
EndGlobal
